// !$*UTF8*$!
{
	archiveVersion = 1;
	classes = {
	};
	objectVersion = 46;
	objects = {

/* Begin PBXBuildFile section */
		4E646A511D2FAE0A00FA0561 /* AppDelegate.swift in Sources */ = {isa = PBXBuildFile; fileRef = 4E646A501D2FAE0A00FA0561 /* AppDelegate.swift */; };
		4E646A581D2FAE0A00FA0561 /* Assets.xcassets in Resources */ = {isa = PBXBuildFile; fileRef = 4E646A571D2FAE0A00FA0561 /* Assets.xcassets */; };
		4E646A5B1D2FAE0A00FA0561 /* LaunchScreen.storyboard in Resources */ = {isa = PBXBuildFile; fileRef = 4E646A591D2FAE0A00FA0561 /* LaunchScreen.storyboard */; };
		4E646A641D2FAE2A00FA0561 /* ViewController1.swift in Sources */ = {isa = PBXBuildFile; fileRef = 4E646A621D2FAE2A00FA0561 /* ViewController1.swift */; };
		4E646A651D2FAE2A00FA0561 /* ViewController1.xib in Resources */ = {isa = PBXBuildFile; fileRef = 4E646A631D2FAE2A00FA0561 /* ViewController1.xib */; };
		4ED0A7C01D32FD9F004E2BD8 /* Entry.swift in Sources */ = {isa = PBXBuildFile; fileRef = 4ED0A7BF1D32FD9F004E2BD8 /* Entry.swift */; };
		4ED0A7C21D32FF26004E2BD8 /* EntryController.swift in Sources */ = {isa = PBXBuildFile; fileRef = 4ED0A7C11D32FF26004E2BD8 /* EntryController.swift */; };
		4ED0A7C71D330D2F004E2BD8 /* AddPhotoViewController.swift in Sources */ = {isa = PBXBuildFile; fileRef = 4ED0A7C51D330D2F004E2BD8 /* AddPhotoViewController.swift */; };
		4ED0A7C81D330D2F004E2BD8 /* AddPhotoViewController.xib in Resources */ = {isa = PBXBuildFile; fileRef = 4ED0A7C61D330D2F004E2BD8 /* AddPhotoViewController.xib */; };
/* End PBXBuildFile section */

/* Begin PBXFileReference section */
		4E646A4D1D2FAE0A00FA0561 /* IXplore.app */ = {isa = PBXFileReference; explicitFileType = wrapper.application; includeInIndex = 0; path = IXplore.app; sourceTree = BUILT_PRODUCTS_DIR; };
		4E646A501D2FAE0A00FA0561 /* AppDelegate.swift */ = {isa = PBXFileReference; lastKnownFileType = sourcecode.swift; path = AppDelegate.swift; sourceTree = "<group>"; };
		4E646A571D2FAE0A00FA0561 /* Assets.xcassets */ = {isa = PBXFileReference; lastKnownFileType = folder.assetcatalog; path = Assets.xcassets; sourceTree = "<group>"; };
		4E646A5A1D2FAE0A00FA0561 /* Base */ = {isa = PBXFileReference; lastKnownFileType = file.storyboard; name = Base; path = Base.lproj/LaunchScreen.storyboard; sourceTree = "<group>"; };
		4E646A5C1D2FAE0A00FA0561 /* Info.plist */ = {isa = PBXFileReference; lastKnownFileType = text.plist.xml; path = Info.plist; sourceTree = "<group>"; };
		4E646A621D2FAE2A00FA0561 /* ViewController1.swift */ = {isa = PBXFileReference; fileEncoding = 4; lastKnownFileType = sourcecode.swift; path = ViewController1.swift; sourceTree = "<group>"; };
		4E646A631D2FAE2A00FA0561 /* ViewController1.xib */ = {isa = PBXFileReference; fileEncoding = 4; lastKnownFileType = file.xib; path = ViewController1.xib; sourceTree = "<group>"; };
		4ED0A7BF1D32FD9F004E2BD8 /* Entry.swift */ = {isa = PBXFileReference; fileEncoding = 4; lastKnownFileType = sourcecode.swift; name = Entry.swift; path = ../Entry.swift; sourceTree = "<group>"; };
		4ED0A7C11D32FF26004E2BD8 /* EntryController.swift */ = {isa = PBXFileReference; fileEncoding = 4; lastKnownFileType = sourcecode.swift; path = EntryController.swift; sourceTree = "<group>"; };
		4ED0A7C51D330D2F004E2BD8 /* AddPhotoViewController.swift */ = {isa = PBXFileReference; fileEncoding = 4; lastKnownFileType = sourcecode.swift; name = AddPhotoViewController.swift; path = ../AddPhotoViewController.swift; sourceTree = "<group>"; };
		4ED0A7C61D330D2F004E2BD8 /* AddPhotoViewController.xib */ = {isa = PBXFileReference; fileEncoding = 4; lastKnownFileType = file.xib; name = AddPhotoViewController.xib; path = ../AddPhotoViewController.xib; sourceTree = "<group>"; };
/* End PBXFileReference section */

/* Begin PBXFrameworksBuildPhase section */
		4E646A4A1D2FAE0A00FA0561 /* Frameworks */ = {
			isa = PBXFrameworksBuildPhase;
			buildActionMask = 2147483647;
			files = (
			);
			runOnlyForDeploymentPostprocessing = 0;
		};
/* End PBXFrameworksBuildPhase section */

/* Begin PBXGroup section */
		4E646A441D2FAE0A00FA0561 = {
			isa = PBXGroup;
			children = (
				4E646A4F1D2FAE0A00FA0561 /* IXplore */,
				4E646A4E1D2FAE0A00FA0561 /* Products */,
			);
			sourceTree = "<group>";
		};
		4E646A4E1D2FAE0A00FA0561 /* Products */ = {
			isa = PBXGroup;
			children = (
				4E646A4D1D2FAE0A00FA0561 /* IXplore.app */,
			);
			name = Products;
			sourceTree = "<group>";
		};
		4E646A4F1D2FAE0A00FA0561 /* IXplore */ = {
			isa = PBXGroup;
			children = (
				4ED0A7C91D330D40004E2BD8 /* Screens */,
				4E646A501D2FAE0A00FA0561 /* AppDelegate.swift */,
				4ED0A7BF1D32FD9F004E2BD8 /* Entry.swift */,
				4ED0A7C11D32FF26004E2BD8 /* EntryController.swift */,
				4E646A571D2FAE0A00FA0561 /* Assets.xcassets */,
				4E646A591D2FAE0A00FA0561 /* LaunchScreen.storyboard */,
				4E646A5C1D2FAE0A00FA0561 /* Info.plist */,
			);
			path = IXplore;
			sourceTree = "<group>";
		};
		4ED0A7C91D330D40004E2BD8 /* Screens */ = {
			isa = PBXGroup;
			children = (
				4E646A621D2FAE2A00FA0561 /* ViewController1.swift */,
				4E646A631D2FAE2A00FA0561 /* ViewController1.xib */,
				4ED0A7C51D330D2F004E2BD8 /* AddPhotoViewController.swift */,
				4ED0A7C61D330D2F004E2BD8 /* AddPhotoViewController.xib */,
			);
			name = Screens;
			sourceTree = "<group>";
		};
/* End PBXGroup section */

/* Begin PBXNativeTarget section */
		4E646A4C1D2FAE0A00FA0561 /* IXplore */ = {
			isa = PBXNativeTarget;
			buildConfigurationList = 4E646A5F1D2FAE0A00FA0561 /* Build configuration list for PBXNativeTarget "IXplore" */;
			buildPhases = (
				4E646A491D2FAE0A00FA0561 /* Sources */,
				4E646A4A1D2FAE0A00FA0561 /* Frameworks */,
				4E646A4B1D2FAE0A00FA0561 /* Resources */,
			);
			buildRules = (
			);
			dependencies = (
			);
			name = IXplore;
			productName = IXplore;
			productReference = 4E646A4D1D2FAE0A00FA0561 /* IXplore.app */;
			productType = "com.apple.product-type.application";
		};
/* End PBXNativeTarget section */

/* Begin PBXProject section */
		4E646A451D2FAE0A00FA0561 /* Project object */ = {
			isa = PBXProject;
			attributes = {
				LastSwiftUpdateCheck = 0730;
				LastUpgradeCheck = 0730;
				ORGANIZATIONNAME = "Alan-Yu";
				TargetAttributes = {
					4E646A4C1D2FAE0A00FA0561 = {
						CreatedOnToolsVersion = 7.3.1;
					};
				};
			};
			buildConfigurationList = 4E646A481D2FAE0A00FA0561 /* Build configuration list for PBXProject "IXplore" */;
			compatibilityVersion = "Xcode 3.2";
			developmentRegion = English;
			hasScannedForEncodings = 0;
			knownRegions = (
				en,
				Base,
			);
			mainGroup = 4E646A441D2FAE0A00FA0561;
			productRefGroup = 4E646A4E1D2FAE0A00FA0561 /* Products */;
			projectDirPath = "";
			projectRoot = "";
			targets = (
				4E646A4C1D2FAE0A00FA0561 /* IXplore */,
			);
		};
/* End PBXProject section */

/* Begin PBXResourcesBuildPhase section */
		4E646A4B1D2FAE0A00FA0561 /* Resources */ = {
			isa = PBXResourcesBuildPhase;
			buildActionMask = 2147483647;
			files = (
				4E646A651D2FAE2A00FA0561 /* ViewController1.xib in Resources */,
				4ED0A7C81D330D2F004E2BD8 /* AddPhotoViewController.xib in Resources */,
				4E646A5B1D2FAE0A00FA0561 /* LaunchScreen.storyboard in Resources */,
				4E646A581D2FAE0A00FA0561 /* Assets.xcassets in Resources */,
			);
			runOnlyForDeploymentPostprocessing = 0;
		};
/* End PBXResourcesBuildPhase section */

/* Begin PBXSourcesBuildPhase section */
		4E646A491D2FAE0A00FA0561 /* Sources */ = {
			isa = PBXSourcesBuildPhase;
			buildActionMask = 2147483647;
			files = (
				4ED0A7C71D330D2F004E2BD8 /* AddPhotoViewController.swift in Sources */,
				4ED0A7C01D32FD9F004E2BD8 /* Entry.swift in Sources */,
				4ED0A7C21D32FF26004E2BD8 /* EntryController.swift in Sources */,
				4E646A641D2FAE2A00FA0561 /* ViewController1.swift in Sources */,
				4E646A511D2FAE0A00FA0561 /* AppDelegate.swift in Sources */,
			);
			runOnlyForDeploymentPostprocessing = 0;
		};
/* End PBXSourcesBuildPhase section */

/* Begin PBXVariantGroup section */
		4E646A591D2FAE0A00FA0561 /* LaunchScreen.storyboard */ = {
			isa = PBXVariantGroup;
			children = (
				4E646A5A1D2FAE0A00FA0561 /* Base */,
			);
			name = LaunchScreen.storyboard;
			sourceTree = "<group>";
		};
/* End PBXVariantGroup section */

/* Begin XCBuildConfiguration section */
		4E646A5D1D2FAE0A00FA0561 /* Debug */ = {
			isa = XCBuildConfiguration;
			buildSettings = {
				ALWAYS_SEARCH_USER_PATHS = NO;
				CLANG_ANALYZER_NONNULL = YES;
				CLANG_CXX_LANGUAGE_STANDARD = "gnu++0x";
				CLANG_CXX_LIBRARY = "libc++";
				CLANG_ENABLE_MODULES = YES;
				CLANG_ENABLE_OBJC_ARC = YES;
				CLANG_WARN_BOOL_CONVERSION = YES;
				CLANG_WARN_CONSTANT_CONVERSION = YES;
				CLANG_WARN_DIRECT_OBJC_ISA_USAGE = YES_ERROR;
				CLANG_WARN_EMPTY_BODY = YES;
				CLANG_WARN_ENUM_CONVERSION = YES;
				CLANG_WARN_INT_CONVERSION = YES;
				CLANG_WARN_OBJC_ROOT_CLASS = YES_ERROR;
				CLANG_WARN_UNREACHABLE_CODE = YES;
				CLANG_WARN__DUPLICATE_METHOD_MATCH = YES;
				"CODE_SIGN_IDENTITY[sdk=iphoneos*]" = "iPhone Developer";
				COPY_PHASE_STRIP = NO;
				DEBUG_INFORMATION_FORMAT = dwarf;
				ENABLE_STRICT_OBJC_MSGSEND = YES;
				ENABLE_TESTABILITY = YES;
				GCC_C_LANGUAGE_STANDARD = gnu99;
				GCC_DYNAMIC_NO_PIC = NO;
				GCC_NO_COMMON_BLOCKS = YES;
				GCC_OPTIMIZATION_LEVEL = 0;
				GCC_PREPROCESSOR_DEFINITIONS = (
					"DEBUG=1",
					"$(inherited)",
				);
				GCC_WARN_64_TO_32_BIT_CONVERSION = YES;
				GCC_WARN_ABOUT_RETURN_TYPE = YES_ERROR;
				GCC_WARN_UNDECLARED_SELECTOR = YES;
				GCC_WARN_UNINITIALIZED_AUTOS = YES_AGGRESSIVE;
				GCC_WARN_UNUSED_FUNCTION = YES;
				GCC_WARN_UNUSED_VARIABLE = YES;
				IPHONEOS_DEPLOYMENT_TARGET = 9.3;
				MTL_ENABLE_DEBUG_INFO = YES;
				ONLY_ACTIVE_ARCH = YES;
				SDKROOT = iphoneos;
				SWIFT_OPTIMIZATION_LEVEL = "-Onone";
			};
			name = Debug;
		};
		4E646A5E1D2FAE0A00FA0561 /* Release */ = {
			isa = XCBuildConfiguration;
			buildSettings = {
				ALWAYS_SEARCH_USER_PATHS = NO;
				CLANG_ANALYZER_NONNULL = YES;
				CLANG_CXX_LANGUAGE_STANDARD = "gnu++0x";
				CLANG_CXX_LIBRARY = "libc++";
				CLANG_ENABLE_MODULES = YES;
				CLANG_ENABLE_OBJC_ARC = YES;
				CLANG_WARN_BOOL_CONVERSION = YES;
				CLANG_WARN_CONSTANT_CONVERSION = YES;
				CLANG_WARN_DIRECT_OBJC_ISA_USAGE = YES_ERROR;
				CLANG_WARN_EMPTY_BODY = YES;
				CLANG_WARN_ENUM_CONVERSION = YES;
				CLANG_WARN_INT_CONVERSION = YES;
				CLANG_WARN_OBJC_ROOT_CLASS = YES_ERROR;
				CLANG_WARN_UNREACHABLE_CODE = YES;
				CLANG_WARN__DUPLICATE_METHOD_MATCH = YES;
				"CODE_SIGN_IDENTITY[sdk=iphoneos*]" = "iPhone Developer";
				COPY_PHASE_STRIP = NO;
				DEBUG_INFORMATION_FORMAT = "dwarf-with-dsym";
				ENABLE_NS_ASSERTIONS = NO;
				ENABLE_STRICT_OBJC_MSGSEND = YES;
				GCC_C_LANGUAGE_STANDARD = gnu99;
				GCC_NO_COMMON_BLOCKS = YES;
				GCC_WARN_64_TO_32_BIT_CONVERSION = YES;
				GCC_WARN_ABOUT_RETURN_TYPE = YES_ERROR;
				GCC_WARN_UNDECLARED_SELECTOR = YES;
				GCC_WARN_UNINITIALIZED_AUTOS = YES_AGGRESSIVE;
				GCC_WARN_UNUSED_FUNCTION = YES;
				GCC_WARN_UNUSED_VARIABLE = YES;
				IPHONEOS_DEPLOYMENT_TARGET = 9.3;
				MTL_ENABLE_DEBUG_INFO = NO;
				SDKROOT = iphoneos;
				VALIDATE_PRODUCT = YES;
			};
			name = Release;
		};
		4E646A601D2FAE0A00FA0561 /* Debug */ = {
			isa = XCBuildConfiguration;
			buildSettings = {
				ASSETCATALOG_COMPILER_APPICON_NAME = AppIcon;
				INFOPLIST_FILE = IXplore/Info.plist;
				LD_RUNPATH_SEARCH_PATHS = "$(inherited) @executable_path/Frameworks";
				PRODUCT_BUNDLE_IDENTIFIER = "Kings.Alan-Yu.IXplore";
				PRODUCT_NAME = "$(TARGET_NAME)";
			};
			name = Debug;
		};
		4E646A611D2FAE0A00FA0561 /* Release */ = {
			isa = XCBuildConfiguration;
			buildSettings = {
				ASSETCATALOG_COMPILER_APPICON_NAME = AppIcon;
				INFOPLIST_FILE = IXplore/Info.plist;
				LD_RUNPATH_SEARCH_PATHS = "$(inherited) @executable_path/Frameworks";
				PRODUCT_BUNDLE_IDENTIFIER = "Kings.Alan-Yu.IXplore";
				PRODUCT_NAME = "$(TARGET_NAME)";
			};
			name = Release;
		};
/* End XCBuildConfiguration section */

/* Begin XCConfigurationList section */
		4E646A481D2FAE0A00FA0561 /* Build configuration list for PBXProject "IXplore" */ = {
			isa = XCConfigurationList;
			buildConfigurations = (
				4E646A5D1D2FAE0A00FA0561 /* Debug */,
				4E646A5E1D2FAE0A00FA0561 /* Release */,
			);
			defaultConfigurationIsVisible = 0;
			defaultConfigurationName = Release;
		};
		4E646A5F1D2FAE0A00FA0561 /* Build configuration list for PBXNativeTarget "IXplore" */ = {
			isa = XCConfigurationList;
			buildConfigurations = (
				4E646A601D2FAE0A00FA0561 /* Debug */,
				4E646A611D2FAE0A00FA0561 /* Release */,
			);
			defaultConfigurationIsVisible = 0;
			defaultConfigurationName = Release;
		};
/* End XCConfigurationList section */
	};
	rootObject = 4E646A451D2FAE0A00FA0561 /* Project object */;
}
